
Microsoft Visual Studio Solution File, Format Version 12.00
# Visual Studio 2012
Project("{FAE04EC0-301F-11D3-BF4B-00C04F79EFBC}") = "Lib", "Lib\Lib.csproj", "{CC8A6C50-5384-419D-97A2-F3729DE97404}"
EndProject
Project("{FAE04EC0-301F-11D3-BF4B-00C04F79EFBC}") = "LibTests", "LibTests\LibTests.csproj", "{2C47A875-9484-4BC2-8BB2-3602275B518A}"
EndProject
Global
	GlobalSection(SolutionConfigurationPlatforms) = preSolution
		Debug|Any CPU = Debug|Any CPU
		Release|Any CPU = Release|Any CPU
	EndGlobalSection
	GlobalSection(ProjectConfigurationPlatforms) = postSolution
		{CC8A6C50-5384-419D-97A2-F3729DE97404}.Debug|Any CPU.ActiveCfg = Debug|Any CPU
		{CC8A6C50-5384-419D-97A2-F3729DE97404}.Debug|Any CPU.Build.0 = Debug|Any CPU
		{CC8A6C50-5384-419D-97A2-F3729DE97404}.Release|Any CPU.ActiveCfg = Release|Any CPU
		{CC8A6C50-5384-419D-97A2-F3729DE97404}.Release|Any CPU.Build.0 = Release|Any CPU
		{2C47A875-9484-4BC2-8BB2-3602275B518A}.Debug|Any CPU.ActiveCfg = Debug|Any CPU
		{2C47A875-9484-4BC2-8BB2-3602275B518A}.Debug|Any CPU.Build.0 = Debug|Any CPU
		{2C47A875-9484-4BC2-8BB2-3602275B518A}.Release|Any CPU.ActiveCfg = Release|Any CPU
		{2C47A875-9484-4BC2-8BB2-3602275B518A}.Release|Any CPU.Build.0 = Release|Any CPU
	EndGlobalSection
	GlobalSection(SolutionProperties) = preSolution
		HideSolutionNode = FALSE
	EndGlobalSection
EndGlobal
